<?xml version="1.0" encoding="utf-8"?>
<Project ToolsVersion="14.0" xmlns="http://schemas.microsoft.com/developer/msbuild/2003">
  <ItemGroup>
    <Filter Include="CMake Rules">
      <UniqueIdentifier>{85ED4A06-0726-32E3-A13E-8227929B372B}</UniqueIdentifier>
    </Filter>
  </ItemGroup>
  <ItemGroup>
    <None Include="generate.stamp.rule">
      <Filter>CMake Rules</Filter>
    </None>
  </ItemGroup>
</Project>